<?xml version="1.0" encoding="utf-8"?>
<Project ToolsVersion="4.0" xmlns="http://schemas.microsoft.com/developer/msbuild/2003">
  <ItemGroup>
    <ClCompile Include="Source\main.cpp" />
    <ClCompile Include="Source\Test_world.cpp" />
    <ClCompile Include="Source\Actors\Sofa.cpp" />
    <ClCompile Include="Source\Actors\Player.cpp" />
    <ClCompile Include="Source\Actors\Ground.cpp" />
    <ClCompile Include="Source\Actors\Table.cpp" />
    <ClCompile Include="Source\Actors\Light.cpp" />
    <ClCompile Include="Source\Actors\Wooden_table.cpp" />
    <ClCompile Include="Source\UI\Settings_ui.cpp" />
  </ItemGroup>
  <ItemGroup>
    <ClInclude Include="Source\Test_world.h" />
    <ClInclude Include="Source\Actors\Sofa.h" />
    <ClInclude Include="Source\Actors\Player.h" />
    <ClInclude Include="Source\Actors\Ground.h" />
    <ClInclude Include="Source\Actors\Table.h" />
    <ClInclude Include="Source\Actors\Light.h" />
    <ClInclude Include="Source\Actors\Wooden_table.h" />
    <ClInclude Include="Source\UI\Settings_ui.h" />
  </ItemGroup>
</Project>